{
  "requires": true,
  "lockfileVersion": 1,
  "dependencies": {
    "asap": {
      "version": "2.0.6",
      "resolved": "https://registry.nlark.com/asap/download/asap-2.0.6.tgz",
      "integrity": "sha1-5QNHYR1+aQlDIIu9r+vLwvuGbUY="
    },
    "dezalgo": {
      "version": "1.0.3",
      "resolved": "https://registry.npmmirror.com/dezalgo/download/dezalgo-1.0.3.tgz",
      "integrity": "sha1-f3Qt4Gb8dIvI24IFad3c5Jvw1FY=",
      "requires": {
        "asap": "^2.0.0",
        "wrappy": "1"
      }
    },
    "formidable": {
      "version": "2.0.1",
      "resolved": "https://registry.npmmirror.com/formidable/download/formidable-2.0.1.tgz",
      "integrity": "sha1-QxC8eWXRhVNvlWUYTe50+7dVV/8=",
      "requires": {
        "dezalgo": "1.0.3",
        "hexoid": "1.0.0",
        "once": "1.4.0",
        "qs": "6.9.3"
      }
    },
    "hexoid": {
      "version": "1.0.0",
      "resolved": "https://registry.npm.taobao.org/hexoid/download/hexoid-1.0.0.tgz",
      "integrity": "sha1-rRDGVz+5B94j2exjpxEmfZ3JvBg="
    },
    "once": {
      "version": "1.4.0",
      "resolved": "https://registry.npm.taobao.org/once/download/once-1.4.0.tgz",
      "integrity": "sha1-WDsap3WWHUsROsF9nFC6753Xa9E=",
      "requires": {
        "wrappy": "1"
      }
    },
    "qs": {
      "version": "6.9.3",
      "resolved": "https://registry.npmmirror.com/qs/download/qs-6.9.3.tgz",
      "integrity": "sha512-EbZYNarm6138UKKq46tdx08Yo/q9ZhFoAXAI1meAFd2GtbRDhbZY2WQSICskT0c5q99aFzLG1D4nvTk9tqfXIw=="
    },
    "wrappy": {
      "version": "1.0.2",
      "resolved": "https://registry.nlark.com/wrappy/download/wrappy-1.0.2.tgz",
      "integrity": "sha1-tSQ9jz7BqjXxNkYFvA0QNuMKtp8="
    }
  }
}
